// !$*UTF8*$!
{
	archiveVersion = 1;
	classes = {
	};
	objectVersion = 77;
	objects = {

/* Begin PBXContainerItemProxy section */
		1CB1A3732D07967A00B9246F /* PBXContainerItemProxy */ = {
			isa = PBXContainerItemProxy;
			containerPortal = 1CB1A3592D07967900B9246F /* Project object */;
			proxyType = 1;
			remoteGlobalIDString = 1CB1A3602D07967900B9246F;
			remoteInfo = "MTG-Inventory";
		};
		1CB1A37D2D07967A00B9246F /* PBXContainerItemProxy */ = {
			isa = PBXContainerItemProxy;
			containerPortal = 1CB1A3592D07967900B9246F /* Project object */;
			proxyType = 1;
			remoteGlobalIDString = 1CB1A3602D07967900B9246F;
			remoteInfo = "MTG-Inventory";
		};
/* End PBXContainerItemProxy section */

/* Begin PBXFileReference section */
		1CB1A3612D07967900B9246F /* MTG-DigitalBinder.app */ = {isa = PBXFileReference; explicitFileType = wrapper.application; includeInIndex = 0; path = "MTG-DigitalBinder.app"; sourceTree = BUILT_PRODUCTS_DIR; };
		1CB1A3722D07967A00B9246F /* MTG-DigitalBinderTests.xctest */ = {isa = PBXFileReference; explicitFileType = wrapper.cfbundle; includeInIndex = 0; path = "MTG-DigitalBinderTests.xctest"; sourceTree = BUILT_PRODUCTS_DIR; };
		1CB1A37C2D07967A00B9246F /* MTG-DigitalBinderUITests.xctest */ = {isa = PBXFileReference; explicitFileType = wrapper.cfbundle; includeInIndex = 0; path = "MTG-DigitalBinderUITests.xctest"; sourceTree = BUILT_PRODUCTS_DIR; };
/* End PBXFileReference section */

/* Begin PBXFileSystemSynchronizedBuildFileExceptionSet section */
		1CB1A3932D080DAD00B9246F /* Exceptions for "MTG-DigitalBinder" folder in "MTG-DigitalBinder" target */ = {
			isa = PBXFileSystemSynchronizedBuildFileExceptionSet;
			membershipExceptions = (
				Info.plist,
			);
			target = 1CB1A3602D07967900B9246F /* MTG-DigitalBinder */;
		};
/* End PBXFileSystemSynchronizedBuildFileExceptionSet section */

/* Begin PBXFileSystemSynchronizedRootGroup section */
		1CB1A3632D07967900B9246F /* MTG-DigitalBinder */ = {
			isa = PBXFileSystemSynchronizedRootGroup;
			exceptions = (
				1CB1A3932D080DAD00B9246F /* Exceptions for "MTG-DigitalBinder" folder in "MTG-DigitalBinder" target */,
			);
			path = "MTG-DigitalBinder";
			sourceTree = "<group>";
		};
		1CB1A3752D07967A00B9246F /* MTG-DigitalBinderTests */ = {
			isa = PBXFileSystemSynchronizedRootGroup;
			path = "MTG-DigitalBinderTests";
			sourceTree = "<group>";
		};
		1CB1A37F2D07967A00B9246F /* MTG-DigitalBinderUITests */ = {
			isa = PBXFileSystemSynchronizedRootGroup;
			path = "MTG-DigitalBinderUITests";
			sourceTree = "<group>";
		};
/* End PBXFileSystemSynchronizedRootGroup section */

/* Begin PBXFrameworksBuildPhase section */
		1CB1A35E2D07967900B9246F /* Frameworks */ = {
			isa = PBXFrameworksBuildPhase;
			buildActionMask = 2147483647;
			files = (
			);
			runOnlyForDeploymentPostprocessing = 0;
		};
		1CB1A36F2D07967A00B9246F /* Frameworks */ = {
			isa = PBXFrameworksBuildPhase;
			buildActionMask = 2147483647;
			files = (
			);
			runOnlyForDeploymentPostprocessing = 0;
		};
		1CB1A3792D07967A00B9246F /* Frameworks */ = {
			isa = PBXFrameworksBuildPhase;
			buildActionMask = 2147483647;
			files = (
			);
			runOnlyForDeploymentPostprocessing = 0;
		};
/* End PBXFrameworksBuildPhase section */

/* Begin PBXGroup section */
		1CB1A3582D07967900B9246F = {
			isa = PBXGroup;
			children = (
				1CB1A3632D07967900B9246F /* MTG-DigitalBinder */,
				1CB1A3752D07967A00B9246F /* MTG-DigitalBinderTests */,
				1CB1A37F2D07967A00B9246F /* MTG-DigitalBinderUITests */,
				1CB1A3622D07967900B9246F /* Products */,
			);
			sourceTree = "<group>";
		};
		1CB1A3622D07967900B9246F /* Products */ = {
			isa = PBXGroup;
			children = (
				1CB1A3612D07967900B9246F /* MTG-DigitalBinder.app */,
				1CB1A3722D07967A00B9246F /* MTG-DigitalBinderTests.xctest */,
				1CB1A37C2D07967A00B9246F /* MTG-DigitalBinderUITests.xctest */,
			);
			name = Products;
			sourceTree = "<group>";
		};
/* End PBXGroup section */

/* Begin PBXNativeTarget section */
		1CB1A3602D07967900B9246F /* MTG-DigitalBinder */ = {
			isa = PBXNativeTarget;
			buildConfigurationList = 1CB1A3862D07967A00B9246F /* Build configuration list for PBXNativeTarget "MTG-DigitalBinder" */;
			buildPhases = (
				1CB1A35D2D07967900B9246F /* Sources */,
				1CB1A35E2D07967900B9246F /* Frameworks */,
				1CB1A35F2D07967900B9246F /* Resources */,
			);
			buildRules = (
			);
			dependencies = (
			);
			fileSystemSynchronizedGroups = (
				1CB1A3632D07967900B9246F /* MTG-DigitalBinder */,
			);
			name = "MTG-DigitalBinder";
			packageProductDependencies = (
			);
			productName = "MTG-Inventory";
			productReference = 1CB1A3612D07967900B9246F /* MTG-DigitalBinder.app */;
			productType = "com.apple.product-type.application";
		};
		1CB1A3712D07967A00B9246F /* MTG-DigitalBinderTests */ = {
			isa = PBXNativeTarget;
			buildConfigurationList = 1CB1A3892D07967A00B9246F /* Build configuration list for PBXNativeTarget "MTG-DigitalBinderTests" */;
			buildPhases = (
				1CB1A36E2D07967A00B9246F /* Sources */,
				1CB1A36F2D07967A00B9246F /* Frameworks */,
				1CB1A3702D07967A00B9246F /* Resources */,
			);
			buildRules = (
			);
			dependencies = (
				1CB1A3742D07967A00B9246F /* PBXTargetDependency */,
			);
			fileSystemSynchronizedGroups = (
				1CB1A3752D07967A00B9246F /* MTG-DigitalBinderTests */,
			);
			name = "MTG-DigitalBinderTests";
			packageProductDependencies = (
			);
			productName = "MTG-InventoryTests";
			productReference = 1CB1A3722D07967A00B9246F /* MTG-DigitalBinderTests.xctest */;
			productType = "com.apple.product-type.bundle.unit-test";
		};
		1CB1A37B2D07967A00B9246F /* MTG-DigitalBinderUITests */ = {
			isa = PBXNativeTarget;
			buildConfigurationList = 1CB1A38C2D07967A00B9246F /* Build configuration list for PBXNativeTarget "MTG-DigitalBinderUITests" */;
			buildPhases = (
				1CB1A3782D07967A00B9246F /* Sources */,
				1CB1A3792D07967A00B9246F /* Frameworks */,
				1CB1A37A2D07967A00B9246F /* Resources */,
			);
			buildRules = (
			);
			dependencies = (
				1CB1A37E2D07967A00B9246F /* PBXTargetDependency */,
			);
			fileSystemSynchronizedGroups = (
				1CB1A37F2D07967A00B9246F /* MTG-DigitalBinderUITests */,
			);
			name = "MTG-DigitalBinderUITests";
			packageProductDependencies = (
			);
			productName = "MTG-InventoryUITests";
			productReference = 1CB1A37C2D07967A00B9246F /* MTG-DigitalBinderUITests.xctest */;
			productType = "com.apple.product-type.bundle.ui-testing";
		};
/* End PBXNativeTarget section */

/* Begin PBXProject section */
		1CB1A3592D07967900B9246F /* Project object */ = {
			isa = PBXProject;
			attributes = {
				BuildIndependentTargetsInParallel = 1;
				KnownAssetTags = (
					New,
				);
				LastSwiftUpdateCheck = 1610;
				LastUpgradeCheck = 1610;
				TargetAttributes = {
					1CB1A3602D07967900B9246F = {
						CreatedOnToolsVersion = 16.1;
					};
					1CB1A3712D07967A00B9246F = {
						CreatedOnToolsVersion = 16.1;
						TestTargetID = 1CB1A3602D07967900B9246F;
					};
					1CB1A37B2D07967A00B9246F = {
						CreatedOnToolsVersion = 16.1;
						TestTargetID = 1CB1A3602D07967900B9246F;
					};
				};
			};
			buildConfigurationList = 1CB1A35C2D07967900B9246F /* Build configuration list for PBXProject "MTG-DigitalBinder" */;
			developmentRegion = en;
			hasScannedForEncodings = 0;
			knownRegions = (
				en,
				Base,
			);
			mainGroup = 1CB1A3582D07967900B9246F;
			minimizedProjectReferenceProxies = 1;
			preferredProjectObjectVersion = 77;
			productRefGroup = 1CB1A3622D07967900B9246F /* Products */;
			projectDirPath = "";
			projectRoot = "";
			targets = (
				1CB1A3602D07967900B9246F /* MTG-DigitalBinder */,
				1CB1A3712D07967A00B9246F /* MTG-DigitalBinderTests */,
				1CB1A37B2D07967A00B9246F /* MTG-DigitalBinderUITests */,
			);
		};
/* End PBXProject section */

/* Begin PBXResourcesBuildPhase section */
		1CB1A35F2D07967900B9246F /* Resources */ = {
			isa = PBXResourcesBuildPhase;
			buildActionMask = 2147483647;
			files = (
			);
			runOnlyForDeploymentPostprocessing = 0;
		};
		1CB1A3702D07967A00B9246F /* Resources */ = {
			isa = PBXResourcesBuildPhase;
			buildActionMask = 2147483647;
			files = (
			);
			runOnlyForDeploymentPostprocessing = 0;
		};
		1CB1A37A2D07967A00B9246F /* Resources */ = {
			isa = PBXResourcesBuildPhase;
			buildActionMask = 2147483647;
			files = (
			);
			runOnlyForDeploymentPostprocessing = 0;
		};
/* End PBXResourcesBuildPhase section */

/* Begin PBXSourcesBuildPhase section */
		1CB1A35D2D07967900B9246F /* Sources */ = {
			isa = PBXSourcesBuildPhase;
			buildActionMask = 2147483647;
			files = (
			);
			runOnlyForDeploymentPostprocessing = 0;
		};
		1CB1A36E2D07967A00B9246F /* Sources */ = {
			isa = PBXSourcesBuildPhase;
			buildActionMask = 2147483647;
			files = (
			);
			runOnlyForDeploymentPostprocessing = 0;
		};
		1CB1A3782D07967A00B9246F /* Sources */ = {
			isa = PBXSourcesBuildPhase;
			buildActionMask = 2147483647;
			files = (
			);
			runOnlyForDeploymentPostprocessing = 0;
		};
/* End PBXSourcesBuildPhase section */

/* Begin PBXTargetDependency section */
		1CB1A3742D07967A00B9246F /* PBXTargetDependency */ = {
			isa = PBXTargetDependency;
			target = 1CB1A3602D07967900B9246F /* MTG-DigitalBinder */;
			targetProxy = 1CB1A3732D07967A00B9246F /* PBXContainerItemProxy */;
		};
		1CB1A37E2D07967A00B9246F /* PBXTargetDependency */ = {
			isa = PBXTargetDependency;
			target = 1CB1A3602D07967900B9246F /* MTG-DigitalBinder */;
			targetProxy = 1CB1A37D2D07967A00B9246F /* PBXContainerItemProxy */;
		};
/* End PBXTargetDependency section */

/* Begin XCBuildConfiguration section */
		1CB1A3842D07967A00B9246F /* Debug */ = {
			isa = XCBuildConfiguration;
			buildSettings = {
				ALWAYS_SEARCH_USER_PATHS = NO;
				ASSETCATALOG_COMPILER_GENERATE_SWIFT_ASSET_SYMBOL_EXTENSIONS = YES;
				CLANG_ANALYZER_NONNULL = YES;
				CLANG_ANALYZER_NUMBER_OBJECT_CONVERSION = YES_AGGRESSIVE;
				CLANG_CXX_LANGUAGE_STANDARD = "gnu++20";
				CLANG_ENABLE_MODULES = YES;
				CLANG_ENABLE_OBJC_ARC = YES;
				CLANG_ENABLE_OBJC_WEAK = YES;
				CLANG_WARN_BLOCK_CAPTURE_AUTORELEASING = YES;
				CLANG_WARN_BOOL_CONVERSION = YES;
				CLANG_WARN_COMMA = YES;
				CLANG_WARN_CONSTANT_CONVERSION = YES;
				CLANG_WARN_DEPRECATED_OBJC_IMPLEMENTATIONS = YES;
				CLANG_WARN_DIRECT_OBJC_ISA_USAGE = YES_ERROR;
				CLANG_WARN_DOCUMENTATION_COMMENTS = YES;
				CLANG_WARN_EMPTY_BODY = YES;
				CLANG_WARN_ENUM_CONVERSION = YES;
				CLANG_WARN_INFINITE_RECURSION = YES;
				CLANG_WARN_INT_CONVERSION = YES;
				CLANG_WARN_NON_LITERAL_NULL_CONVERSION = YES;
				CLANG_WARN_OBJC_IMPLICIT_RETAIN_SELF = YES;
				CLANG_WARN_OBJC_LITERAL_CONVERSION = YES;
				CLANG_WARN_OBJC_ROOT_CLASS = YES_ERROR;
				CLANG_WARN_QUOTED_INCLUDE_IN_FRAMEWORK_HEADER = YES;
				CLANG_WARN_RANGE_LOOP_ANALYSIS = YES;
				CLANG_WARN_STRICT_PROTOTYPES = YES;
				CLANG_WARN_SUSPICIOUS_MOVE = YES;
				CLANG_WARN_UNGUARDED_AVAILABILITY = YES_AGGRESSIVE;
				CLANG_WARN_UNREACHABLE_CODE = YES;
				CLANG_WARN__DUPLICATE_METHOD_MATCH = YES;
				COPY_PHASE_STRIP = NO;
				DEBUG_INFORMATION_FORMAT = dwarf;
				ENABLE_STRICT_OBJC_MSGSEND = YES;
				ENABLE_TESTABILITY = YES;
				ENABLE_USER_SCRIPT_SANDBOXING = YES;
				GCC_C_LANGUAGE_STANDARD = gnu17;
				GCC_DYNAMIC_NO_PIC = NO;
				GCC_NO_COMMON_BLOCKS = YES;
				GCC_OPTIMIZATION_LEVEL = 0;
				GCC_PREPROCESSOR_DEFINITIONS = (
					"DEBUG=1",
					"$(inherited)",
				);
				GCC_WARN_64_TO_32_BIT_CONVERSION = YES;
				GCC_WARN_ABOUT_RETURN_TYPE = YES_ERROR;
				GCC_WARN_UNDECLARED_SELECTOR = YES;
				GCC_WARN_UNINITIALIZED_AUTOS = YES_AGGRESSIVE;
				GCC_WARN_UNUSED_FUNCTION = YES;
				GCC_WARN_UNUSED_VARIABLE = YES;
				LOCALIZATION_PREFERS_STRING_CATALOGS = YES;
				MTL_ENABLE_DEBUG_INFO = INCLUDE_SOURCE;
				MTL_FAST_MATH = YES;
				ONLY_ACTIVE_ARCH = YES;
				SWIFT_ACTIVE_COMPILATION_CONDITIONS = "DEBUG $(inherited)";
				SWIFT_OPTIMIZATION_LEVEL = "-Onone";
			};
			name = Debug;
		};
		1CB1A3852D07967A00B9246F /* Release */ = {
			isa = XCBuildConfiguration;
			buildSettings = {
				ALWAYS_SEARCH_USER_PATHS = NO;
				ASSETCATALOG_COMPILER_GENERATE_SWIFT_ASSET_SYMBOL_EXTENSIONS = YES;
				CLANG_ANALYZER_NONNULL = YES;
				CLANG_ANALYZER_NUMBER_OBJECT_CONVERSION = YES_AGGRESSIVE;
				CLANG_CXX_LANGUAGE_STANDARD = "gnu++20";
				CLANG_ENABLE_MODULES = YES;
				CLANG_ENABLE_OBJC_ARC = YES;
				CLANG_ENABLE_OBJC_WEAK = YES;
				CLANG_WARN_BLOCK_CAPTURE_AUTORELEASING = YES;
				CLANG_WARN_BOOL_CONVERSION = YES;
				CLANG_WARN_COMMA = YES;
				CLANG_WARN_CONSTANT_CONVERSION = YES;
				CLANG_WARN_DEPRECATED_OBJC_IMPLEMENTATIONS = YES;
				CLANG_WARN_DIRECT_OBJC_ISA_USAGE = YES_ERROR;
				CLANG_WARN_DOCUMENTATION_COMMENTS = YES;
				CLANG_WARN_EMPTY_BODY = YES;
				CLANG_WARN_ENUM_CONVERSION = YES;
				CLANG_WARN_INFINITE_RECURSION = YES;
				CLANG_WARN_INT_CONVERSION = YES;
				CLANG_WARN_NON_LITERAL_NULL_CONVERSION = YES;
				CLANG_WARN_OBJC_IMPLICIT_RETAIN_SELF = YES;
				CLANG_WARN_OBJC_LITERAL_CONVERSION = YES;
				CLANG_WARN_OBJC_ROOT_CLASS = YES_ERROR;
				CLANG_WARN_QUOTED_INCLUDE_IN_FRAMEWORK_HEADER = YES;
				CLANG_WARN_RANGE_LOOP_ANALYSIS = YES;
				CLANG_WARN_STRICT_PROTOTYPES = YES;
				CLANG_WARN_SUSPICIOUS_MOVE = YES;
				CLANG_WARN_UNGUARDED_AVAILABILITY = YES_AGGRESSIVE;
				CLANG_WARN_UNREACHABLE_CODE = YES;
				CLANG_WARN__DUPLICATE_METHOD_MATCH = YES;
				COPY_PHASE_STRIP = NO;
				DEBUG_INFORMATION_FORMAT = "dwarf-with-dsym";
				ENABLE_NS_ASSERTIONS = NO;
				ENABLE_STRICT_OBJC_MSGSEND = YES;
				ENABLE_USER_SCRIPT_SANDBOXING = YES;
				GCC_C_LANGUAGE_STANDARD = gnu17;
				GCC_NO_COMMON_BLOCKS = YES;
				GCC_WARN_64_TO_32_BIT_CONVERSION = YES;
				GCC_WARN_ABOUT_RETURN_TYPE = YES_ERROR;
				GCC_WARN_UNDECLARED_SELECTOR = YES;
				GCC_WARN_UNINITIALIZED_AUTOS = YES_AGGRESSIVE;
				GCC_WARN_UNUSED_FUNCTION = YES;
				GCC_WARN_UNUSED_VARIABLE = YES;
				LOCALIZATION_PREFERS_STRING_CATALOGS = YES;
				MTL_ENABLE_DEBUG_INFO = NO;
				MTL_FAST_MATH = YES;
				SWIFT_COMPILATION_MODE = wholemodule;
			};
			name = Release;
		};
		1CB1A3872D07967A00B9246F /* Debug */ = {
			isa = XCBuildConfiguration;
			buildSettings = {
				ASSETCATALOG_COMPILER_APPICON_NAME = AppIcon;
				ASSETCATALOG_COMPILER_GLOBAL_ACCENT_COLOR_NAME = AccentColor;
				CODE_SIGN_ENTITLEMENTS = "MTG-DigitalBinder/MTG_DigitalBinder.entitlements";
				CODE_SIGN_STYLE = Automatic;
				CURRENT_PROJECT_VERSION = 1;
				DEVELOPMENT_ASSET_PATHS = "\"MTG-DigitalBinder/Preview Content\"";
				DEVELOPMENT_TEAM = BJYT7G6SPX;
				ENABLE_PREVIEWS = YES;
				GENERATE_INFOPLIST_FILE = YES;
				INFOPLIST_FILE = "MTG-DigitalBinder/Info.plist";
				INFOPLIST_KEY_CFBundleDisplayName = "Digital Binder";
				"INFOPLIST_KEY_UIApplicationSceneManifest_Generation[sdk=iphoneos*]" = YES;
				"INFOPLIST_KEY_UIApplicationSceneManifest_Generation[sdk=iphonesimulator*]" = YES;
				"INFOPLIST_KEY_UIApplicationSupportsIndirectInputEvents[sdk=iphoneos*]" = YES;
				"INFOPLIST_KEY_UIApplicationSupportsIndirectInputEvents[sdk=iphonesimulator*]" = YES;
				"INFOPLIST_KEY_UILaunchScreen_Generation[sdk=iphoneos*]" = YES;
				"INFOPLIST_KEY_UILaunchScreen_Generation[sdk=iphonesimulator*]" = YES;
				"INFOPLIST_KEY_UIStatusBarStyle[sdk=iphoneos*]" = UIStatusBarStyleDefault;
				"INFOPLIST_KEY_UIStatusBarStyle[sdk=iphonesimulator*]" = UIStatusBarStyleDefault;
				INFOPLIST_KEY_UISupportedInterfaceOrientations_iPad = "UIInterfaceOrientationPortrait UIInterfaceOrientationPortraitUpsideDown UIInterfaceOrientationLandscapeLeft UIInterfaceOrientationLandscapeRight";
				INFOPLIST_KEY_UISupportedInterfaceOrientations_iPhone = "UIInterfaceOrientationPortrait UIInterfaceOrientationLandscapeLeft UIInterfaceOrientationLandscapeRight";
				IPHONEOS_DEPLOYMENT_TARGET = 18.1;
				LD_RUNPATH_SEARCH_PATHS = "@executable_path/Frameworks";
				"LD_RUNPATH_SEARCH_PATHS[sdk=macosx*]" = "@executable_path/../Frameworks";
				MACOSX_DEPLOYMENT_TARGET = 15.1;
				MARKETING_VERSION = 1.0;
				PRODUCT_BUNDLE_IDENTIFIER = "github.com-vinirossado.MTG-Inventory";
				PRODUCT_NAME = "$(TARGET_NAME)";
				SDKROOT = auto;
				SUPPORTED_PLATFORMS = "iphoneos iphonesimulator macosx xros xrsimulator";
				SWIFT_EMIT_LOC_STRINGS = YES;
				SWIFT_VERSION = 5.0;
				TARGETED_DEVICE_FAMILY = "1,2,7";
				XROS_DEPLOYMENT_TARGET = 2.1;
			};
			name = Debug;
		};
		1CB1A3882D07967A00B9246F /* Release */ = {
			isa = XCBuildConfiguration;
			buildSettings = {
				ASSETCATALOG_COMPILER_APPICON_NAME = AppIcon;
				ASSETCATALOG_COMPILER_GLOBAL_ACCENT_COLOR_NAME = AccentColor;
				CODE_SIGN_ENTITLEMENTS = "MTG-DigitalBinder/MTG_DigitalBinder.entitlements";
				CODE_SIGN_STYLE = Automatic;
				CURRENT_PROJECT_VERSION = 1;
				DEVELOPMENT_ASSET_PATHS = "\"MTG-DigitalBinder/Preview Content\"";
				DEVELOPMENT_TEAM = BJYT7G6SPX;
				ENABLE_PREVIEWS = YES;
				GENERATE_INFOPLIST_FILE = YES;
				INFOPLIST_FILE = "MTG-DigitalBinder/Info.plist";
				INFOPLIST_KEY_CFBundleDisplayName = "Digital Binder";
				"INFOPLIST_KEY_UIApplicationSceneManifest_Generation[sdk=iphoneos*]" = YES;
				"INFOPLIST_KEY_UIApplicationSceneManifest_Generation[sdk=iphonesimulator*]" = YES;
				"INFOPLIST_KEY_UIApplicationSupportsIndirectInputEvents[sdk=iphoneos*]" = YES;
				"INFOPLIST_KEY_UIApplicationSupportsIndirectInputEvents[sdk=iphonesimulator*]" = YES;
				"INFOPLIST_KEY_UILaunchScreen_Generation[sdk=iphoneos*]" = YES;
				"INFOPLIST_KEY_UILaunchScreen_Generation[sdk=iphonesimulator*]" = YES;
				"INFOPLIST_KEY_UIStatusBarStyle[sdk=iphoneos*]" = UIStatusBarStyleDefault;
				"INFOPLIST_KEY_UIStatusBarStyle[sdk=iphonesimulator*]" = UIStatusBarStyleDefault;
				INFOPLIST_KEY_UISupportedInterfaceOrientations_iPad = "UIInterfaceOrientationPortrait UIInterfaceOrientationPortraitUpsideDown UIInterfaceOrientationLandscapeLeft UIInterfaceOrientationLandscapeRight";
				INFOPLIST_KEY_UISupportedInterfaceOrientations_iPhone = "UIInterfaceOrientationPortrait UIInterfaceOrientationLandscapeLeft UIInterfaceOrientationLandscapeRight";
				IPHONEOS_DEPLOYMENT_TARGET = 18.1;
				LD_RUNPATH_SEARCH_PATHS = "@executable_path/Frameworks";
				"LD_RUNPATH_SEARCH_PATHS[sdk=macosx*]" = "@executable_path/../Frameworks";
				MACOSX_DEPLOYMENT_TARGET = 15.1;
				MARKETING_VERSION = 1.0;
				PRODUCT_BUNDLE_IDENTIFIER = "github.com-vinirossado.MTG-Inventory";
				PRODUCT_NAME = "$(TARGET_NAME)";
				SDKROOT = auto;
				SUPPORTED_PLATFORMS = "iphoneos iphonesimulator macosx xros xrsimulator";
				SWIFT_EMIT_LOC_STRINGS = YES;
				SWIFT_VERSION = 5.0;
				TARGETED_DEVICE_FAMILY = "1,2,7";
				XROS_DEPLOYMENT_TARGET = 2.1;
			};
			name = Release;
		};
		1CB1A38A2D07967A00B9246F /* Debug */ = {
			isa = XCBuildConfiguration;
			buildSettings = {
				BUNDLE_LOADER = "$(TEST_HOST)";
				CODE_SIGN_STYLE = Automatic;
				CURRENT_PROJECT_VERSION = 1;
				GENERATE_INFOPLIST_FILE = YES;
				IPHONEOS_DEPLOYMENT_TARGET = 18.1;
				MACOSX_DEPLOYMENT_TARGET = 15.1;
				MARKETING_VERSION = 1.0;
				PRODUCT_BUNDLE_IDENTIFIER = "github.com-vinirossado.MTG-InventoryTests";
				PRODUCT_NAME = "$(TARGET_NAME)";
				SDKROOT = auto;
				SUPPORTED_PLATFORMS = "iphoneos iphonesimulator macosx xros xrsimulator";
				SWIFT_EMIT_LOC_STRINGS = NO;
				SWIFT_VERSION = 5.0;
				TARGETED_DEVICE_FAMILY = "1,2,7";
				TEST_HOST = "$(BUILT_PRODUCTS_DIR)/MTG-DigitalBinder.app/$(BUNDLE_EXECUTABLE_FOLDER_PATH)/MTG-DigitalBinder";
				XROS_DEPLOYMENT_TARGET = 2.1;
			};
			name = Debug;
		};
		1CB1A38B2D07967A00B9246F /* Release */ = {
			isa = XCBuildConfiguration;
			buildSettings = {
				BUNDLE_LOADER = "$(TEST_HOST)";
				CODE_SIGN_STYLE = Automatic;
				CURRENT_PROJECT_VERSION = 1;
				GENERATE_INFOPLIST_FILE = YES;
				IPHONEOS_DEPLOYMENT_TARGET = 18.1;
				MACOSX_DEPLOYMENT_TARGET = 15.1;
				MARKETING_VERSION = 1.0;
				PRODUCT_BUNDLE_IDENTIFIER = "github.com-vinirossado.MTG-InventoryTests";
				PRODUCT_NAME = "$(TARGET_NAME)";
				SDKROOT = auto;
				SUPPORTED_PLATFORMS = "iphoneos iphonesimulator macosx xros xrsimulator";
				SWIFT_EMIT_LOC_STRINGS = NO;
				SWIFT_VERSION = 5.0;
				TARGETED_DEVICE_FAMILY = "1,2,7";
				TEST_HOST = "$(BUILT_PRODUCTS_DIR)/MTG-DigitalBinder.app/$(BUNDLE_EXECUTABLE_FOLDER_PATH)/MTG-DigitalBinder";
				XROS_DEPLOYMENT_TARGET = 2.1;
			};
			name = Release;
		};
		1CB1A38D2D07967A00B9246F /* Debug */ = {
			isa = XCBuildConfiguration;
			buildSettings = {
				CODE_SIGN_STYLE = Automatic;
				CURRENT_PROJECT_VERSION = 1;
				GENERATE_INFOPLIST_FILE = YES;
				IPHONEOS_DEPLOYMENT_TARGET = 18.1;
				MACOSX_DEPLOYMENT_TARGET = 15.1;
				MARKETING_VERSION = 1.0;
				PRODUCT_BUNDLE_IDENTIFIER = "github.com-vinirossado.MTG-InventoryUITests";
				PRODUCT_NAME = "$(TARGET_NAME)";
				SDKROOT = auto;
				SUPPORTED_PLATFORMS = "iphoneos iphonesimulator macosx xros xrsimulator";
				SWIFT_EMIT_LOC_STRINGS = NO;
				SWIFT_VERSION = 5.0;
				TARGETED_DEVICE_FAMILY = "1,2,7";
				TEST_TARGET_NAME = "MTG-DigitalBinder";
				XROS_DEPLOYMENT_TARGET = 2.1;
			};
			name = Debug;
		};
		1CB1A38E2D07967A00B9246F /* Release */ = {
			isa = XCBuildConfiguration;
			buildSettings = {
				CODE_SIGN_STYLE = Automatic;
				CURRENT_PROJECT_VERSION = 1;
				GENERATE_INFOPLIST_FILE = YES;
				IPHONEOS_DEPLOYMENT_TARGET = 18.1;
				MACOSX_DEPLOYMENT_TARGET = 15.1;
				MARKETING_VERSION = 1.0;
				PRODUCT_BUNDLE_IDENTIFIER = "github.com-vinirossado.MTG-InventoryUITests";
				PRODUCT_NAME = "$(TARGET_NAME)";
				SDKROOT = auto;
				SUPPORTED_PLATFORMS = "iphoneos iphonesimulator macosx xros xrsimulator";
				SWIFT_EMIT_LOC_STRINGS = NO;
				SWIFT_VERSION = 5.0;
				TARGETED_DEVICE_FAMILY = "1,2,7";
				TEST_TARGET_NAME = "MTG-DigitalBinder";
				XROS_DEPLOYMENT_TARGET = 2.1;
			};
			name = Release;
		};
/* End XCBuildConfiguration section */

/* Begin XCConfigurationList section */
		1CB1A35C2D07967900B9246F /* Build configuration list for PBXProject "MTG-DigitalBinder" */ = {
			isa = XCConfigurationList;
			buildConfigurations = (
				1CB1A3842D07967A00B9246F /* Debug */,
				1CB1A3852D07967A00B9246F /* Release */,
			);
			defaultConfigurationIsVisible = 0;
			defaultConfigurationName = Release;
		};
		1CB1A3862D07967A00B9246F /* Build configuration list for PBXNativeTarget "MTG-DigitalBinder" */ = {
			isa = XCConfigurationList;
			buildConfigurations = (
				1CB1A3872D07967A00B9246F /* Debug */,
				1CB1A3882D07967A00B9246F /* Release */,
			);
			defaultConfigurationIsVisible = 0;
			defaultConfigurationName = Release;
		};
		1CB1A3892D07967A00B9246F /* Build configuration list for PBXNativeTarget "MTG-DigitalBinderTests" */ = {
			isa = XCConfigurationList;
			buildConfigurations = (
				1CB1A38A2D07967A00B9246F /* Debug */,
				1CB1A38B2D07967A00B9246F /* Release */,
			);
			defaultConfigurationIsVisible = 0;
			defaultConfigurationName = Release;
		};
		1CB1A38C2D07967A00B9246F /* Build configuration list for PBXNativeTarget "MTG-DigitalBinderUITests" */ = {
			isa = XCConfigurationList;
			buildConfigurations = (
				1CB1A38D2D07967A00B9246F /* Debug */,
				1CB1A38E2D07967A00B9246F /* Release */,
			);
			defaultConfigurationIsVisible = 0;
			defaultConfigurationName = Release;
		};
/* End XCConfigurationList section */
	};
	rootObject = 1CB1A3592D07967900B9246F /* Project object */;
}
